// !$*UTF8*$!
{
	archiveVersion = 1;
	classes = {
	};
	objectVersion = 46;
	objects = {

/* Begin PBXBuildFile section */
		23CB64EF18C4FFDD00C2042A /* Foundation.framework in Frameworks */ = {isa = PBXBuildFile; fileRef = 23CB64EE18C4FFDD00C2042A /* Foundation.framework */; };
		23CB64F118C4FFDD00C2042A /* CoreGraphics.framework in Frameworks */ = {isa = PBXBuildFile; fileRef = 23CB64F018C4FFDD00C2042A /* CoreGraphics.framework */; };
		23CB64F318C4FFDD00C2042A /* UIKit.framework in Frameworks */ = {isa = PBXBuildFile; fileRef = 23CB64F218C4FFDD00C2042A /* UIKit.framework */; };
		23CB64F918C4FFDD00C2042A /* InfoPlist.strings in Resources */ = {isa = PBXBuildFile; fileRef = 23CB64F718C4FFDD00C2042A /* InfoPlist.strings */; };
		23CB64FB18C4FFDD00C2042A /* main.m in Sources */ = {isa = PBXBuildFile; fileRef = 23CB64FA18C4FFDD00C2042A /* main.m */; };
		23CB64FF18C4FFDD00C2042A /* AppDelegate.m in Sources */ = {isa = PBXBuildFile; fileRef = 23CB64FE18C4FFDD00C2042A /* AppDelegate.m */; };
		23CB650218C4FFDD00C2042A /* Main.storyboard in Resources */ = {isa = PBXBuildFile; fileRef = 23CB650018C4FFDD00C2042A /* Main.storyboard */; };
		23CB650518C4FFDD00C2042A /* FlashCardsViewController.m in Sources */ = {isa = PBXBuildFile; fileRef = 23CB650418C4FFDD00C2042A /* FlashCardsViewController.m */; };
		23CB650818C4FFDD00C2042A /* QuizViewController.m in Sources */ = {isa = PBXBuildFile; fileRef = 23CB650718C4FFDD00C2042A /* QuizViewController.m */; };
		23CB650A18C4FFDD00C2042A /* Images.xcassets in Resources */ = {isa = PBXBuildFile; fileRef = 23CB650918C4FFDD00C2042A /* Images.xcassets */; };
		23CB651118C4FFDE00C2042A /* XCTest.framework in Frameworks */ = {isa = PBXBuildFile; fileRef = 23CB651018C4FFDE00C2042A /* XCTest.framework */; };
		23CB651218C4FFDE00C2042A /* Foundation.framework in Frameworks */ = {isa = PBXBuildFile; fileRef = 23CB64EE18C4FFDD00C2042A /* Foundation.framework */; };
		23CB651318C4FFDE00C2042A /* UIKit.framework in Frameworks */ = {isa = PBXBuildFile; fileRef = 23CB64F218C4FFDD00C2042A /* UIKit.framework */; };
		23CB651B18C4FFDE00C2042A /* InfoPlist.strings in Resources */ = {isa = PBXBuildFile; fileRef = 23CB651918C4FFDE00C2042A /* InfoPlist.strings */; };
		23CB651D18C4FFDE00C2042A /* MathHelperTests.m in Sources */ = {isa = PBXBuildFile; fileRef = 23CB651C18C4FFDE00C2042A /* MathHelperTests.m */; };
/* End PBXBuildFile section */

/* Begin PBXContainerItemProxy section */
		23CB651418C4FFDE00C2042A /* PBXContainerItemProxy */ = {
			isa = PBXContainerItemProxy;
			containerPortal = 23CB64E318C4FFDD00C2042A /* Project object */;
			proxyType = 1;
			remoteGlobalIDString = 23CB64EA18C4FFDD00C2042A;
			remoteInfo = MathHelper;
		};
/* End PBXContainerItemProxy section */

/* Begin PBXFileReference section */
		23CB64EB18C4FFDD00C2042A /* MathHelper.app */ = {isa = PBXFileReference; explicitFileType = wrapper.application; includeInIndex = 0; path = MathHelper.app; sourceTree = BUILT_PRODUCTS_DIR; };
		23CB64EE18C4FFDD00C2042A /* Foundation.framework */ = {isa = PBXFileReference; lastKnownFileType = wrapper.framework; name = Foundation.framework; path = System/Library/Frameworks/Foundation.framework; sourceTree = SDKROOT; };
		23CB64F018C4FFDD00C2042A /* CoreGraphics.framework */ = {isa = PBXFileReference; lastKnownFileType = wrapper.framework; name = CoreGraphics.framework; path = System/Library/Frameworks/CoreGraphics.framework; sourceTree = SDKROOT; };
		23CB64F218C4FFDD00C2042A /* UIKit.framework */ = {isa = PBXFileReference; lastKnownFileType = wrapper.framework; name = UIKit.framework; path = System/Library/Frameworks/UIKit.framework; sourceTree = SDKROOT; };
		23CB64F618C4FFDD00C2042A /* MathHelper-Info.plist */ = {isa = PBXFileReference; lastKnownFileType = text.plist.xml; path = "MathHelper-Info.plist"; sourceTree = "<group>"; };
		23CB64F818C4FFDD00C2042A /* en */ = {isa = PBXFileReference; lastKnownFileType = text.plist.strings; name = en; path = en.lproj/InfoPlist.strings; sourceTree = "<group>"; };
		23CB64FA18C4FFDD00C2042A /* main.m */ = {isa = PBXFileReference; lastKnownFileType = sourcecode.c.objc; path = main.m; sourceTree = "<group>"; };
		23CB64FC18C4FFDD00C2042A /* MathHelper-Prefix.pch */ = {isa = PBXFileReference; lastKnownFileType = sourcecode.c.h; path = "MathHelper-Prefix.pch"; sourceTree = "<group>"; };
		23CB64FD18C4FFDD00C2042A /* AppDelegate.h */ = {isa = PBXFileReference; lastKnownFileType = sourcecode.c.h; path = AppDelegate.h; sourceTree = "<group>"; };
		23CB64FE18C4FFDD00C2042A /* AppDelegate.m */ = {isa = PBXFileReference; lastKnownFileType = sourcecode.c.objc; path = AppDelegate.m; sourceTree = "<group>"; };
		23CB650118C4FFDD00C2042A /* Base */ = {isa = PBXFileReference; lastKnownFileType = file.storyboard; name = Base; path = Base.lproj/Main.storyboard; sourceTree = "<group>"; };
		23CB650318C4FFDD00C2042A /* FlashCardsViewController.h */ = {isa = PBXFileReference; lastKnownFileType = sourcecode.c.h; path = FlashCardsViewController.h; sourceTree = "<group>"; };
		23CB650418C4FFDD00C2042A /* FlashCardsViewController.m */ = {isa = PBXFileReference; lastKnownFileType = sourcecode.c.objc; path = FlashCardsViewController.m; sourceTree = "<group>"; };
		23CB650618C4FFDD00C2042A /* QuizViewController.h */ = {isa = PBXFileReference; lastKnownFileType = sourcecode.c.h; path = QuizViewController.h; sourceTree = "<group>"; };
		23CB650718C4FFDD00C2042A /* QuizViewController.m */ = {isa = PBXFileReference; lastKnownFileType = sourcecode.c.objc; path = QuizViewController.m; sourceTree = "<group>"; };
		23CB650918C4FFDD00C2042A /* Images.xcassets */ = {isa = PBXFileReference; lastKnownFileType = folder.assetcatalog; path = Images.xcassets; sourceTree = "<group>"; };
		23CB650F18C4FFDE00C2042A /* MathHelperTests.xctest */ = {isa = PBXFileReference; explicitFileType = wrapper.cfbundle; includeInIndex = 0; path = MathHelperTests.xctest; sourceTree = BUILT_PRODUCTS_DIR; };
		23CB651018C4FFDE00C2042A /* XCTest.framework */ = {isa = PBXFileReference; lastKnownFileType = wrapper.framework; name = XCTest.framework; path = Library/Frameworks/XCTest.framework; sourceTree = DEVELOPER_DIR; };
		23CB651818C4FFDE00C2042A /* MathHelperTests-Info.plist */ = {isa = PBXFileReference; lastKnownFileType = text.plist.xml; path = "MathHelperTests-Info.plist"; sourceTree = "<group>"; };
		23CB651A18C4FFDE00C2042A /* en */ = {isa = PBXFileReference; lastKnownFileType = text.plist.strings; name = en; path = en.lproj/InfoPlist.strings; sourceTree = "<group>"; };
		23CB651C18C4FFDE00C2042A /* MathHelperTests.m */ = {isa = PBXFileReference; lastKnownFileType = sourcecode.c.objc; path = MathHelperTests.m; sourceTree = "<group>"; };
/* End PBXFileReference section */

/* Begin PBXFrameworksBuildPhase section */
		23CB64E818C4FFDD00C2042A /* Frameworks */ = {
			isa = PBXFrameworksBuildPhase;
			buildActionMask = 2147483647;
			files = (
				23CB64F118C4FFDD00C2042A /* CoreGraphics.framework in Frameworks */,
				23CB64F318C4FFDD00C2042A /* UIKit.framework in Frameworks */,
				23CB64EF18C4FFDD00C2042A /* Foundation.framework in Frameworks */,
			);
			runOnlyForDeploymentPostprocessing = 0;
		};
		23CB650C18C4FFDE00C2042A /* Frameworks */ = {
			isa = PBXFrameworksBuildPhase;
			buildActionMask = 2147483647;
			files = (
				23CB651118C4FFDE00C2042A /* XCTest.framework in Frameworks */,
				23CB651318C4FFDE00C2042A /* UIKit.framework in Frameworks */,
				23CB651218C4FFDE00C2042A /* Foundation.framework in Frameworks */,
			);
			runOnlyForDeploymentPostprocessing = 0;
		};
/* End PBXFrameworksBuildPhase section */

/* Begin PBXGroup section */
		23CB64E218C4FFDD00C2042A = {
			isa = PBXGroup;
			children = (
				23CB64F418C4FFDD00C2042A /* MathHelper */,
				23CB651618C4FFDE00C2042A /* MathHelperTests */,
				23CB64ED18C4FFDD00C2042A /* Frameworks */,
				23CB64EC18C4FFDD00C2042A /* Products */,
			);
			sourceTree = "<group>";
		};
		23CB64EC18C4FFDD00C2042A /* Products */ = {
			isa = PBXGroup;
			children = (
				23CB64EB18C4FFDD00C2042A /* MathHelper.app */,
				23CB650F18C4FFDE00C2042A /* MathHelperTests.xctest */,
			);
			name = Products;
			sourceTree = "<group>";
		};
		23CB64ED18C4FFDD00C2042A /* Frameworks */ = {
			isa = PBXGroup;
			children = (
				23CB64EE18C4FFDD00C2042A /* Foundation.framework */,
				23CB64F018C4FFDD00C2042A /* CoreGraphics.framework */,
				23CB64F218C4FFDD00C2042A /* UIKit.framework */,
				23CB651018C4FFDE00C2042A /* XCTest.framework */,
			);
			name = Frameworks;
			sourceTree = "<group>";
		};
		23CB64F418C4FFDD00C2042A /* MathHelper */ = {
			isa = PBXGroup;
			children = (
				23CB64FD18C4FFDD00C2042A /* AppDelegate.h */,
				23CB64FE18C4FFDD00C2042A /* AppDelegate.m */,
				23CB650018C4FFDD00C2042A /* Main.storyboard */,
				23CB650318C4FFDD00C2042A /* FlashCardsViewController.h */,
				23CB650418C4FFDD00C2042A /* FlashCardsViewController.m */,
				23CB650618C4FFDD00C2042A /* QuizViewController.h */,
				23CB650718C4FFDD00C2042A /* QuizViewController.m */,
				23CB650918C4FFDD00C2042A /* Images.xcassets */,
				23CB64F518C4FFDD00C2042A /* Supporting Files */,
			);
			path = MathHelper;
			sourceTree = "<group>";
		};
		23CB64F518C4FFDD00C2042A /* Supporting Files */ = {
			isa = PBXGroup;
			children = (
				23CB64F618C4FFDD00C2042A /* MathHelper-Info.plist */,
				23CB64F718C4FFDD00C2042A /* InfoPlist.strings */,
				23CB64FA18C4FFDD00C2042A /* main.m */,
				23CB64FC18C4FFDD00C2042A /* MathHelper-Prefix.pch */,
			);
			name = "Supporting Files";
			sourceTree = "<group>";
		};
		23CB651618C4FFDE00C2042A /* MathHelperTests */ = {
			isa = PBXGroup;
			children = (
				23CB651C18C4FFDE00C2042A /* MathHelperTests.m */,
				23CB651718C4FFDE00C2042A /* Supporting Files */,
			);
			path = MathHelperTests;
			sourceTree = "<group>";
		};
		23CB651718C4FFDE00C2042A /* Supporting Files */ = {
			isa = PBXGroup;
			children = (
				23CB651818C4FFDE00C2042A /* MathHelperTests-Info.plist */,
				23CB651918C4FFDE00C2042A /* InfoPlist.strings */,
			);
			name = "Supporting Files";
			sourceTree = "<group>";
		};
/* End PBXGroup section */

/* Begin PBXNativeTarget section */
		23CB64EA18C4FFDD00C2042A /* MathHelper */ = {
			isa = PBXNativeTarget;
			buildConfigurationList = 23CB652018C4FFDE00C2042A /* Build configuration list for PBXNativeTarget "MathHelper" */;
			buildPhases = (
				23CB64E718C4FFDD00C2042A /* Sources */,
				23CB64E818C4FFDD00C2042A /* Frameworks */,
				23CB64E918C4FFDD00C2042A /* Resources */,
			);
			buildRules = (
			);
			dependencies = (
			);
			name = MathHelper;
			productName = MathHelper;
			productReference = 23CB64EB18C4FFDD00C2042A /* MathHelper.app */;
			productType = "com.apple.product-type.application";
		};
		23CB650E18C4FFDE00C2042A /* MathHelperTests */ = {
			isa = PBXNativeTarget;
			buildConfigurationList = 23CB652318C4FFDE00C2042A /* Build configuration list for PBXNativeTarget "MathHelperTests" */;
			buildPhases = (
				23CB650B18C4FFDE00C2042A /* Sources */,
				23CB650C18C4FFDE00C2042A /* Frameworks */,
				23CB650D18C4FFDE00C2042A /* Resources */,
			);
			buildRules = (
			);
			dependencies = (
				23CB651518C4FFDE00C2042A /* PBXTargetDependency */,
			);
			name = MathHelperTests;
			productName = MathHelperTests;
			productReference = 23CB650F18C4FFDE00C2042A /* MathHelperTests.xctest */;
			productType = "com.apple.product-type.bundle.unit-test";
		};
/* End PBXNativeTarget section */

/* Begin PBXProject section */
		23CB64E318C4FFDD00C2042A /* Project object */ = {
			isa = PBXProject;
			attributes = {
				LastUpgradeCheck = 0500;
				ORGANIZATIONNAME = Jake;
				TargetAttributes = {
					23CB650E18C4FFDE00C2042A = {
						TestTargetID = 23CB64EA18C4FFDD00C2042A;
					};
				};
			};
			buildConfigurationList = 23CB64E618C4FFDD00C2042A /* Build configuration list for PBXProject "MathHelper" */;
			compatibilityVersion = "Xcode 3.2";
			developmentRegion = English;
			hasScannedForEncodings = 0;
			knownRegions = (
				en,
				Base,
			);
			mainGroup = 23CB64E218C4FFDD00C2042A;
			productRefGroup = 23CB64EC18C4FFDD00C2042A /* Products */;
			projectDirPath = "";
			projectRoot = "";
			targets = (
				23CB64EA18C4FFDD00C2042A /* MathHelper */,
				23CB650E18C4FFDE00C2042A /* MathHelperTests */,
			);
		};
/* End PBXProject section */

/* Begin PBXResourcesBuildPhase section */
		23CB64E918C4FFDD00C2042A /* Resources */ = {
			isa = PBXResourcesBuildPhase;
			buildActionMask = 2147483647;
			files = (
				23CB650A18C4FFDD00C2042A /* Images.xcassets in Resources */,
				23CB64F918C4FFDD00C2042A /* InfoPlist.strings in Resources */,
				23CB650218C4FFDD00C2042A /* Main.storyboard in Resources */,
			);
			runOnlyForDeploymentPostprocessing = 0;
		};
		23CB650D18C4FFDE00C2042A /* Resources */ = {
			isa = PBXResourcesBuildPhase;
			buildActionMask = 2147483647;
			files = (
				23CB651B18C4FFDE00C2042A /* InfoPlist.strings in Resources */,
			);
			runOnlyForDeploymentPostprocessing = 0;
		};
/* End PBXResourcesBuildPhase section */

/* Begin PBXSourcesBuildPhase section */
		23CB64E718C4FFDD00C2042A /* Sources */ = {
			isa = PBXSourcesBuildPhase;
			buildActionMask = 2147483647;
			files = (
				23CB650818C4FFDD00C2042A /* QuizViewController.m in Sources */,
				23CB64FF18C4FFDD00C2042A /* AppDelegate.m in Sources */,
				23CB650518C4FFDD00C2042A /* FlashCardsViewController.m in Sources */,
				23CB64FB18C4FFDD00C2042A /* main.m in Sources */,
			);
			runOnlyForDeploymentPostprocessing = 0;
		};
		23CB650B18C4FFDE00C2042A /* Sources */ = {
			isa = PBXSourcesBuildPhase;
			buildActionMask = 2147483647;
			files = (
				23CB651D18C4FFDE00C2042A /* MathHelperTests.m in Sources */,
			);
			runOnlyForDeploymentPostprocessing = 0;
		};
/* End PBXSourcesBuildPhase section */

/* Begin PBXTargetDependency section */
		23CB651518C4FFDE00C2042A /* PBXTargetDependency */ = {
			isa = PBXTargetDependency;
			target = 23CB64EA18C4FFDD00C2042A /* MathHelper */;
			targetProxy = 23CB651418C4FFDE00C2042A /* PBXContainerItemProxy */;
		};
/* End PBXTargetDependency section */

/* Begin PBXVariantGroup section */
		23CB64F718C4FFDD00C2042A /* InfoPlist.strings */ = {
			isa = PBXVariantGroup;
			children = (
				23CB64F818C4FFDD00C2042A /* en */,
			);
			name = InfoPlist.strings;
			sourceTree = "<group>";
		};
		23CB650018C4FFDD00C2042A /* Main.storyboard */ = {
			isa = PBXVariantGroup;
			children = (
				23CB650118C4FFDD00C2042A /* Base */,
			);
			name = Main.storyboard;
			sourceTree = "<group>";
		};
		23CB651918C4FFDE00C2042A /* InfoPlist.strings */ = {
			isa = PBXVariantGroup;
			children = (
				23CB651A18C4FFDE00C2042A /* en */,
			);
			name = InfoPlist.strings;
			sourceTree = "<group>";
		};
/* End PBXVariantGroup section */

/* Begin XCBuildConfiguration section */
		23CB651E18C4FFDE00C2042A /* Debug */ = {
			isa = XCBuildConfiguration;
			buildSettings = {
				ALWAYS_SEARCH_USER_PATHS = NO;
				ARCHS = "$(ARCHS_STANDARD_INCLUDING_64_BIT)";
				CLANG_CXX_LANGUAGE_STANDARD = "gnu++0x";
				CLANG_CXX_LIBRARY = "libc++";
				CLANG_ENABLE_MODULES = YES;
				CLANG_ENABLE_OBJC_ARC = YES;
				CLANG_WARN_BOOL_CONVERSION = YES;
				CLANG_WARN_CONSTANT_CONVERSION = YES;
				CLANG_WARN_DIRECT_OBJC_ISA_USAGE = YES_ERROR;
				CLANG_WARN_EMPTY_BODY = YES;
				CLANG_WARN_ENUM_CONVERSION = YES;
				CLANG_WARN_INT_CONVERSION = YES;
				CLANG_WARN_OBJC_ROOT_CLASS = YES_ERROR;
				CLANG_WARN__DUPLICATE_METHOD_MATCH = YES;
				"CODE_SIGN_IDENTITY[sdk=iphoneos*]" = "iPhone Developer";
				COPY_PHASE_STRIP = NO;
				GCC_C_LANGUAGE_STANDARD = gnu99;
				GCC_DYNAMIC_NO_PIC = NO;
				GCC_OPTIMIZATION_LEVEL = 0;
				GCC_PREPROCESSOR_DEFINITIONS = (
					"DEBUG=1",
					"$(inherited)",
				);
				GCC_SYMBOLS_PRIVATE_EXTERN = NO;
				GCC_WARN_64_TO_32_BIT_CONVERSION = YES;
				GCC_WARN_ABOUT_RETURN_TYPE = YES_ERROR;
				GCC_WARN_UNDECLARED_SELECTOR = YES;
				GCC_WARN_UNINITIALIZED_AUTOS = YES;
				GCC_WARN_UNUSED_FUNCTION = YES;
				GCC_WARN_UNUSED_VARIABLE = YES;
				IPHONEOS_DEPLOYMENT_TARGET = 7.0;
				ONLY_ACTIVE_ARCH = YES;
				SDKROOT = iphoneos;
			};
			name = Debug;
		};
		23CB651F18C4FFDE00C2042A /* Release */ = {
			isa = XCBuildConfiguration;
			buildSettings = {
				ALWAYS_SEARCH_USER_PATHS = NO;
				ARCHS = "$(ARCHS_STANDARD_INCLUDING_64_BIT)";
				CLANG_CXX_LANGUAGE_STANDARD = "gnu++0x";
				CLANG_CXX_LIBRARY = "libc++";
				CLANG_ENABLE_MODULES = YES;
				CLANG_ENABLE_OBJC_ARC = YES;
				CLANG_WARN_BOOL_CONVERSION = YES;
				CLANG_WARN_CONSTANT_CONVERSION = YES;
				CLANG_WARN_DIRECT_OBJC_ISA_USAGE = YES_ERROR;
				CLANG_WARN_EMPTY_BODY = YES;
				CLANG_WARN_ENUM_CONVERSION = YES;
				CLANG_WARN_INT_CONVERSION = YES;
				CLANG_WARN_OBJC_ROOT_CLASS = YES_ERROR;
				CLANG_WARN__DUPLICATE_METHOD_MATCH = YES;
				"CODE_SIGN_IDENTITY[sdk=iphoneos*]" = "iPhone Developer";
				COPY_PHASE_STRIP = YES;
				ENABLE_NS_ASSERTIONS = NO;
				GCC_C_LANGUAGE_STANDARD = gnu99;
				GCC_WARN_64_TO_32_BIT_CONVERSION = YES;
				GCC_WARN_ABOUT_RETURN_TYPE = YES_ERROR;
				GCC_WARN_UNDECLARED_SELECTOR = YES;
				GCC_WARN_UNINITIALIZED_AUTOS = YES;
				GCC_WARN_UNUSED_FUNCTION = YES;
				GCC_WARN_UNUSED_VARIABLE = YES;
				IPHONEOS_DEPLOYMENT_TARGET = 7.0;
				SDKROOT = iphoneos;
				VALIDATE_PRODUCT = YES;
			};
			name = Release;
		};
		23CB652118C4FFDE00C2042A /* Debug */ = {
			isa = XCBuildConfiguration;
			buildSettings = {
				ASSETCATALOG_COMPILER_APPICON_NAME = AppIcon;
				ASSETCATALOG_COMPILER_LAUNCHIMAGE_NAME = LaunchImage;
				GCC_PRECOMPILE_PREFIX_HEADER = YES;
				GCC_PREFIX_HEADER = "MathHelper/MathHelper-Prefix.pch";
				INFOPLIST_FILE = "MathHelper/MathHelper-Info.plist";
				PRODUCT_NAME = "$(TARGET_NAME)";
				WRAPPER_EXTENSION = app;
			};
			name = Debug;
		};
		23CB652218C4FFDE00C2042A /* Release */ = {
			isa = XCBuildConfiguration;
			buildSettings = {
				ASSETCATALOG_COMPILER_APPICON_NAME = AppIcon;
				ASSETCATALOG_COMPILER_LAUNCHIMAGE_NAME = LaunchImage;
				GCC_PRECOMPILE_PREFIX_HEADER = YES;
				GCC_PREFIX_HEADER = "MathHelper/MathHelper-Prefix.pch";
				INFOPLIST_FILE = "MathHelper/MathHelper-Info.plist";
				PRODUCT_NAME = "$(TARGET_NAME)";
				WRAPPER_EXTENSION = app;
			};
			name = Release;
		};
		23CB652418C4FFDE00C2042A /* Debug */ = {
			isa = XCBuildConfiguration;
			buildSettings = {
				ARCHS = "$(ARCHS_STANDARD_INCLUDING_64_BIT)";
				BUNDLE_LOADER = "$(BUILT_PRODUCTS_DIR)/MathHelper.app/MathHelper";
				FRAMEWORK_SEARCH_PATHS = (
					"$(SDKROOT)/Developer/Library/Frameworks",
					"$(inherited)",
					"$(DEVELOPER_FRAMEWORKS_DIR)",
				);
				GCC_PRECOMPILE_PREFIX_HEADER = YES;
				GCC_PREFIX_HEADER = "MathHelper/MathHelper-Prefix.pch";
				GCC_PREPROCESSOR_DEFINITIONS = (
					"DEBUG=1",
					"$(inherited)",
				);
				INFOPLIST_FILE = "MathHelperTests/MathHelperTests-Info.plist";
				PRODUCT_NAME = "$(TARGET_NAME)";
				TEST_HOST = "$(BUNDLE_LOADER)";
				WRAPPER_EXTENSION = xctest;
			};
			name = Debug;
		};
		23CB652518C4FFDE00C2042A /* Release */ = {
			isa = XCBuildConfiguration;
			buildSettings = {
				ARCHS = "$(ARCHS_STANDARD_INCLUDING_64_BIT)";
				BUNDLE_LOADER = "$(BUILT_PRODUCTS_DIR)/MathHelper.app/MathHelper";
				FRAMEWORK_SEARCH_PATHS = (
					"$(SDKROOT)/Developer/Library/Frameworks",
					"$(inherited)",
					"$(DEVELOPER_FRAMEWORKS_DIR)",
				);
				GCC_PRECOMPILE_PREFIX_HEADER = YES;
				GCC_PREFIX_HEADER = "MathHelper/MathHelper-Prefix.pch";
				INFOPLIST_FILE = "MathHelperTests/MathHelperTests-Info.plist";
				PRODUCT_NAME = "$(TARGET_NAME)";
				TEST_HOST = "$(BUNDLE_LOADER)";
				WRAPPER_EXTENSION = xctest;
			};
			name = Release;
		};
/* End XCBuildConfiguration section */

/* Begin XCConfigurationList section */
		23CB64E618C4FFDD00C2042A /* Build configuration list for PBXProject "MathHelper" */ = {
			isa = XCConfigurationList;
			buildConfigurations = (
				23CB651E18C4FFDE00C2042A /* Debug */,
				23CB651F18C4FFDE00C2042A /* Release */,
			);
			defaultConfigurationIsVisible = 0;
			defaultConfigurationName = Release;
		};
		23CB652018C4FFDE00C2042A /* Build configuration list for PBXNativeTarget "MathHelper" */ = {
			isa = XCConfigurationList;
			buildConfigurations = (
				23CB652118C4FFDE00C2042A /* Debug */,
				23CB652218C4FFDE00C2042A /* Release */,
			);
			defaultConfigurationIsVisible = 0;
		};
		23CB652318C4FFDE00C2042A /* Build configuration list for PBXNativeTarget "MathHelperTests" */ = {
			isa = XCConfigurationList;
			buildConfigurations = (
				23CB652418C4FFDE00C2042A /* Debug */,
				23CB652518C4FFDE00C2042A /* Release */,
			);
			defaultConfigurationIsVisible = 0;
		};
/* End XCConfigurationList section */
	};
	rootObject = 23CB64E318C4FFDD00C2042A /* Project object */;
}
