// !$*UTF8*$!
{
	archiveVersion = 1;
	classes = {
	};
	objectVersion = 46;
	objects = {

/* Begin PBXBuildFile section */
		1421BAE018CFBE6C00B48B9B /* Main.storyboard in Resources */ = {isa = PBXBuildFile; fileRef = 2367646C18CC054B004FE5C6 /* Main.storyboard */; };
		1421BAE118CFBE6D00B48B9B /* Main.storyboard in Resources */ = {isa = PBXBuildFile; fileRef = 2367646C18CC054B004FE5C6 /* Main.storyboard */; };
		1421BAE718CFCE9800B48B9B /* aTableViewImage.jpg in Resources */ = {isa = PBXBuildFile; fileRef = 1421BAE618CFCE9800B48B9B /* aTableViewImage.jpg */; };
		2318494E18CC3A90000F0AA2 /* AVFoundation.framework in Frameworks */ = {isa = PBXBuildFile; fileRef = 2318494D18CC3A90000F0AA2 /* AVFoundation.framework */; };
		231EEAB518D1688800DE6B92 /* afternoondelight.mp3 in Resources */ = {isa = PBXBuildFile; fileRef = 231EEA9C18D1688800DE6B92 /* afternoondelight.mp3 */; };
		231EEAB618D1688800DE6B92 /* baxterbudha.mp3 in Resources */ = {isa = PBXBuildFile; fileRef = 231EEA9D18D1688800DE6B92 /* baxterbudha.mp3 */; };
		231EEAB718D1688800DE6B92 /* bears.mp3 in Resources */ = {isa = PBXBuildFile; fileRef = 231EEA9E18D1688800DE6B92 /* bears.mp3 */; };
		231EEAB818D1688800DE6B92 /* ilovescotch.mp3 in Resources */ = {isa = PBXBuildFile; fileRef = 231EEA9F18D1688800DE6B92 /* ilovescotch.mp3 */; };
		231EEAB918D1688800DE6B92 /* loudnoises.mp3 in Resources */ = {isa = PBXBuildFile; fileRef = 231EEAA018D1688800DE6B92 /* loudnoises.mp3 */; };
		231EEABA18D1688800DE6B92 /* milkwasabadchoice.mp3 in Resources */ = {isa = PBXBuildFile; fileRef = 231EEAA118D1688800DE6B92 /* milkwasabadchoice.mp3 */; };
		231EEABB18D1688800DE6B92 /* ohbaxter.mp3 in Resources */ = {isa = PBXBuildFile; fileRef = 231EEAA218D1688800DE6B92 /* ohbaxter.mp3 */; };
		231EEABC18D1688800DE6B92 /* punch.mp3 in Resources */ = {isa = PBXBuildFile; fileRef = 231EEAA318D1688800DE6B92 /* punch.mp3 */; };
		231EEABD18D1688800DE6B92 /* sandiago.mp3 in Resources */ = {isa = PBXBuildFile; fileRef = 231EEAA418D1688800DE6B92 /* sandiago.mp3 */; };
		231EEABE18D1688800DE6B92 /* slap.mp3 in Resources */ = {isa = PBXBuildFile; fileRef = 231EEAA518D1688800DE6B92 /* slap.mp3 */; };
		231EEABF18D1688800DE6B92 /* smellypirate.mp3 in Resources */ = {isa = PBXBuildFile; fileRef = 231EEAA618D1688800DE6B92 /* smellypirate.mp3 */; };
		231EEAC018D1688800DE6B92 /* catgot.mp3 in Resources */ = {isa = PBXBuildFile; fileRef = 231EEAA818D1688800DE6B92 /* catgot.mp3 */; };
		231EEAC118D1688800DE6B92 /* drstevebruleplanets.mp3 in Resources */ = {isa = PBXBuildFile; fileRef = 231EEAA918D1688800DE6B92 /* drstevebruleplanets.mp3 */; };
		231EEAC218D1688800DE6B92 /* fullretard.mp3 in Resources */ = {isa = PBXBuildFile; fileRef = 231EEAAA18D1688800DE6B92 /* fullretard.mp3 */; };
		231EEAC318D1688800DE6B92 /* nowyoureaman.mp3 in Resources */ = {isa = PBXBuildFile; fileRef = 231EEAAB18D1688800DE6B92 /* nowyoureaman.mp3 */; };
		231EEAC418D1688800DE6B92 /* spacejam.mp3 in Resources */ = {isa = PBXBuildFile; fileRef = 231EEAAC18D1688800DE6B92 /* spacejam.mp3 */; };
		231EEAC518D1688800DE6B92 /* thomasthedankengine.mp3 in Resources */ = {isa = PBXBuildFile; fileRef = 231EEAAD18D1688800DE6B92 /* thomasthedankengine.mp3 */; };
		231EEAC618D1688800DE6B92 /* truckyeah.mp3 in Resources */ = {isa = PBXBuildFile; fileRef = 231EEAAE18D1688800DE6B92 /* truckyeah.mp3 */; };
		231EEAC718D1688800DE6B92 /* dayman.mp3 in Resources */ = {isa = PBXBuildFile; fileRef = 231EEAB018D1688800DE6B92 /* dayman.mp3 */; };
		231EEAC818D1688800DE6B92 /* jobland.mp3 in Resources */ = {isa = PBXBuildFile; fileRef = 231EEAB118D1688800DE6B92 /* jobland.mp3 */; };
		231EEAC918D1688800DE6B92 /* freedomisntfree.mp3 in Resources */ = {isa = PBXBuildFile; fileRef = 231EEAB318D1688800DE6B92 /* freedomisntfree.mp3 */; };
		231EEACA18D1688800DE6B92 /* mattdamon.mp3 in Resources */ = {isa = PBXBuildFile; fileRef = 231EEAB418D1688800DE6B92 /* mattdamon.mp3 */; };
		2367645B18CC054B004FE5C6 /* Foundation.framework in Frameworks */ = {isa = PBXBuildFile; fileRef = 2367645A18CC054B004FE5C6 /* Foundation.framework */; };
		2367645D18CC054B004FE5C6 /* CoreGraphics.framework in Frameworks */ = {isa = PBXBuildFile; fileRef = 2367645C18CC054B004FE5C6 /* CoreGraphics.framework */; };
		2367645F18CC054B004FE5C6 /* UIKit.framework in Frameworks */ = {isa = PBXBuildFile; fileRef = 2367645E18CC054B004FE5C6 /* UIKit.framework */; };
		2367646518CC054B004FE5C6 /* InfoPlist.strings in Resources */ = {isa = PBXBuildFile; fileRef = 2367646318CC054B004FE5C6 /* InfoPlist.strings */; };
		2367646718CC054B004FE5C6 /* main.m in Sources */ = {isa = PBXBuildFile; fileRef = 2367646618CC054B004FE5C6 /* main.m */; };
		2367646B18CC054B004FE5C6 /* AppDelegate.m in Sources */ = {isa = PBXBuildFile; fileRef = 2367646A18CC054B004FE5C6 /* AppDelegate.m */; };
		2367647118CC054B004FE5C6 /* SoundBoardViewController.m in Sources */ = {isa = PBXBuildFile; fileRef = 2367647018CC054B004FE5C6 /* SoundBoardViewController.m */; };
		2367647318CC054B004FE5C6 /* Images.xcassets in Resources */ = {isa = PBXBuildFile; fileRef = 2367647218CC054B004FE5C6 /* Images.xcassets */; };
		2367647A18CC054B004FE5C6 /* XCTest.framework in Frameworks */ = {isa = PBXBuildFile; fileRef = 2367647918CC054B004FE5C6 /* XCTest.framework */; };
		2367647B18CC054B004FE5C6 /* Foundation.framework in Frameworks */ = {isa = PBXBuildFile; fileRef = 2367645A18CC054B004FE5C6 /* Foundation.framework */; };
		2367647C18CC054B004FE5C6 /* UIKit.framework in Frameworks */ = {isa = PBXBuildFile; fileRef = 2367645E18CC054B004FE5C6 /* UIKit.framework */; };
		2367648418CC054B004FE5C6 /* InfoPlist.strings in Resources */ = {isa = PBXBuildFile; fileRef = 2367648218CC054B004FE5C6 /* InfoPlist.strings */; };
		2367648618CC054B004FE5C6 /* SoundboardTests.m in Sources */ = {isa = PBXBuildFile; fileRef = 2367648518CC054B004FE5C6 /* SoundboardTests.m */; };
		236764B718CC285D004FE5C6 /* Sound.m in Sources */ = {isa = PBXBuildFile; fileRef = 236764B618CC285D004FE5C6 /* Sound.m */; };
/* End PBXBuildFile section */

/* Begin PBXContainerItemProxy section */
		2367647D18CC054B004FE5C6 /* PBXContainerItemProxy */ = {
			isa = PBXContainerItemProxy;
			containerPortal = 2367644F18CC054B004FE5C6 /* Project object */;
			proxyType = 1;
			remoteGlobalIDString = 2367645618CC054B004FE5C6;
			remoteInfo = Soundboard;
		};
/* End PBXContainerItemProxy section */

/* Begin PBXFileReference section */
		1421BAE318CFBE6E00B48B9B /* en */ = {isa = PBXFileReference; lastKnownFileType = text.plist.strings; name = en; path = en.lproj/Main.strings; sourceTree = "<group>"; };
		1421BAE618CFCE9800B48B9B /* aTableViewImage.jpg */ = {isa = PBXFileReference; lastKnownFileType = image.jpeg; name = aTableViewImage.jpg; path = Soundboard/Images/aTableViewImage.jpg; sourceTree = "<group>"; };
		2318494D18CC3A90000F0AA2 /* AVFoundation.framework */ = {isa = PBXFileReference; lastKnownFileType = wrapper.framework; name = AVFoundation.framework; path = System/Library/Frameworks/AVFoundation.framework; sourceTree = SDKROOT; };
		231EEA9C18D1688800DE6B92 /* afternoondelight.mp3 */ = {isa = PBXFileReference; lastKnownFileType = audio.mp3; path = afternoondelight.mp3; sourceTree = "<group>"; };
		231EEA9D18D1688800DE6B92 /* baxterbudha.mp3 */ = {isa = PBXFileReference; lastKnownFileType = audio.mp3; path = baxterbudha.mp3; sourceTree = "<group>"; };
		231EEA9E18D1688800DE6B92 /* bears.mp3 */ = {isa = PBXFileReference; lastKnownFileType = audio.mp3; path = bears.mp3; sourceTree = "<group>"; };
		231EEA9F18D1688800DE6B92 /* ilovescotch.mp3 */ = {isa = PBXFileReference; lastKnownFileType = audio.mp3; path = ilovescotch.mp3; sourceTree = "<group>"; };
		231EEAA018D1688800DE6B92 /* loudnoises.mp3 */ = {isa = PBXFileReference; lastKnownFileType = audio.mp3; path = loudnoises.mp3; sourceTree = "<group>"; };
		231EEAA118D1688800DE6B92 /* milkwasabadchoice.mp3 */ = {isa = PBXFileReference; lastKnownFileType = audio.mp3; path = milkwasabadchoice.mp3; sourceTree = "<group>"; };
		231EEAA218D1688800DE6B92 /* ohbaxter.mp3 */ = {isa = PBXFileReference; lastKnownFileType = audio.mp3; path = ohbaxter.mp3; sourceTree = "<group>"; };
		231EEAA318D1688800DE6B92 /* punch.mp3 */ = {isa = PBXFileReference; lastKnownFileType = audio.mp3; path = punch.mp3; sourceTree = "<group>"; };
		231EEAA418D1688800DE6B92 /* sandiago.mp3 */ = {isa = PBXFileReference; lastKnownFileType = audio.mp3; path = sandiago.mp3; sourceTree = "<group>"; };
		231EEAA518D1688800DE6B92 /* slap.mp3 */ = {isa = PBXFileReference; lastKnownFileType = audio.mp3; path = slap.mp3; sourceTree = "<group>"; };
		231EEAA618D1688800DE6B92 /* smellypirate.mp3 */ = {isa = PBXFileReference; lastKnownFileType = audio.mp3; path = smellypirate.mp3; sourceTree = "<group>"; };
		231EEAA818D1688800DE6B92 /* catgot.mp3 */ = {isa = PBXFileReference; lastKnownFileType = audio.mp3; path = catgot.mp3; sourceTree = "<group>"; };
		231EEAA918D1688800DE6B92 /* drstevebruleplanets.mp3 */ = {isa = PBXFileReference; lastKnownFileType = audio.mp3; path = drstevebruleplanets.mp3; sourceTree = "<group>"; };
		231EEAAA18D1688800DE6B92 /* fullretard.mp3 */ = {isa = PBXFileReference; lastKnownFileType = audio.mp3; path = fullretard.mp3; sourceTree = "<group>"; };
		231EEAAB18D1688800DE6B92 /* nowyoureaman.mp3 */ = {isa = PBXFileReference; lastKnownFileType = audio.mp3; path = nowyoureaman.mp3; sourceTree = "<group>"; };
		231EEAAC18D1688800DE6B92 /* spacejam.mp3 */ = {isa = PBXFileReference; lastKnownFileType = audio.mp3; path = spacejam.mp3; sourceTree = "<group>"; };
		231EEAAD18D1688800DE6B92 /* thomasthedankengine.mp3 */ = {isa = PBXFileReference; lastKnownFileType = audio.mp3; path = thomasthedankengine.mp3; sourceTree = "<group>"; };
		231EEAAE18D1688800DE6B92 /* truckyeah.mp3 */ = {isa = PBXFileReference; lastKnownFileType = audio.mp3; path = truckyeah.mp3; sourceTree = "<group>"; };
		231EEAB018D1688800DE6B92 /* dayman.mp3 */ = {isa = PBXFileReference; lastKnownFileType = audio.mp3; path = dayman.mp3; sourceTree = "<group>"; };
		231EEAB118D1688800DE6B92 /* jobland.mp3 */ = {isa = PBXFileReference; lastKnownFileType = audio.mp3; path = jobland.mp3; sourceTree = "<group>"; };
		231EEAB318D1688800DE6B92 /* freedomisntfree.mp3 */ = {isa = PBXFileReference; lastKnownFileType = audio.mp3; path = freedomisntfree.mp3; sourceTree = "<group>"; };
		231EEAB418D1688800DE6B92 /* mattdamon.mp3 */ = {isa = PBXFileReference; lastKnownFileType = audio.mp3; path = mattdamon.mp3; sourceTree = "<group>"; };
		2367645718CC054B004FE5C6 /* Soundboard.app */ = {isa = PBXFileReference; explicitFileType = wrapper.application; includeInIndex = 0; path = Soundboard.app; sourceTree = BUILT_PRODUCTS_DIR; };
		2367645A18CC054B004FE5C6 /* Foundation.framework */ = {isa = PBXFileReference; lastKnownFileType = wrapper.framework; name = Foundation.framework; path = System/Library/Frameworks/Foundation.framework; sourceTree = SDKROOT; };
		2367645C18CC054B004FE5C6 /* CoreGraphics.framework */ = {isa = PBXFileReference; lastKnownFileType = wrapper.framework; name = CoreGraphics.framework; path = System/Library/Frameworks/CoreGraphics.framework; sourceTree = SDKROOT; };
		2367645E18CC054B004FE5C6 /* UIKit.framework */ = {isa = PBXFileReference; lastKnownFileType = wrapper.framework; name = UIKit.framework; path = System/Library/Frameworks/UIKit.framework; sourceTree = SDKROOT; };
		2367646218CC054B004FE5C6 /* Soundboard-Info.plist */ = {isa = PBXFileReference; lastKnownFileType = text.plist.xml; path = "Soundboard-Info.plist"; sourceTree = "<group>"; };
		2367646418CC054B004FE5C6 /* en */ = {isa = PBXFileReference; lastKnownFileType = text.plist.strings; name = en; path = en.lproj/InfoPlist.strings; sourceTree = "<group>"; };
		2367646618CC054B004FE5C6 /* main.m */ = {isa = PBXFileReference; lastKnownFileType = sourcecode.c.objc; path = main.m; sourceTree = "<group>"; };
		2367646818CC054B004FE5C6 /* Soundboard-Prefix.pch */ = {isa = PBXFileReference; lastKnownFileType = sourcecode.c.h; path = "Soundboard-Prefix.pch"; sourceTree = "<group>"; };
		2367646918CC054B004FE5C6 /* AppDelegate.h */ = {isa = PBXFileReference; lastKnownFileType = sourcecode.c.h; path = AppDelegate.h; sourceTree = "<group>"; };
		2367646A18CC054B004FE5C6 /* AppDelegate.m */ = {isa = PBXFileReference; lastKnownFileType = sourcecode.c.objc; path = AppDelegate.m; sourceTree = "<group>"; };
		2367646D18CC054B004FE5C6 /* Base */ = {isa = PBXFileReference; lastKnownFileType = file.storyboard; name = Base; path = Base.lproj/Main.storyboard; sourceTree = "<group>"; };
		2367646F18CC054B004FE5C6 /* SoundBoardViewController.h */ = {isa = PBXFileReference; lastKnownFileType = sourcecode.c.h; path = SoundBoardViewController.h; sourceTree = "<group>"; };
		2367647018CC054B004FE5C6 /* SoundBoardViewController.m */ = {isa = PBXFileReference; lastKnownFileType = sourcecode.c.objc; path = SoundBoardViewController.m; sourceTree = "<group>"; };
		2367647218CC054B004FE5C6 /* Images.xcassets */ = {isa = PBXFileReference; lastKnownFileType = folder.assetcatalog; path = Images.xcassets; sourceTree = "<group>"; };
		2367647818CC054B004FE5C6 /* SoundboardTests.xctest */ = {isa = PBXFileReference; explicitFileType = wrapper.cfbundle; includeInIndex = 0; path = SoundboardTests.xctest; sourceTree = BUILT_PRODUCTS_DIR; };
		2367647918CC054B004FE5C6 /* XCTest.framework */ = {isa = PBXFileReference; lastKnownFileType = wrapper.framework; name = XCTest.framework; path = Library/Frameworks/XCTest.framework; sourceTree = DEVELOPER_DIR; };
		2367648118CC054B004FE5C6 /* SoundboardTests-Info.plist */ = {isa = PBXFileReference; lastKnownFileType = text.plist.xml; path = "SoundboardTests-Info.plist"; sourceTree = "<group>"; };
		2367648318CC054B004FE5C6 /* en */ = {isa = PBXFileReference; lastKnownFileType = text.plist.strings; name = en; path = en.lproj/InfoPlist.strings; sourceTree = "<group>"; };
		2367648518CC054B004FE5C6 /* SoundboardTests.m */ = {isa = PBXFileReference; lastKnownFileType = sourcecode.c.objc; path = SoundboardTests.m; sourceTree = "<group>"; };
		236764AF18CC25C8004FE5C6 /* launchSmall.png */ = {isa = PBXFileReference; lastKnownFileType = image.png; name = launchSmall.png; path = Images/launchSmall.png; sourceTree = "<group>"; };
		236764B018CC25D2004FE5C6 /* launchBig.png */ = {isa = PBXFileReference; lastKnownFileType = image.png; name = launchBig.png; path = Images/launchBig.png; sourceTree = "<group>"; };
		236764B118CC25DA004FE5C6 /* icon120.png */ = {isa = PBXFileReference; lastKnownFileType = image.png; name = icon120.png; path = Images/icon120.png; sourceTree = "<group>"; };
		236764B218CC265F004FE5C6 /* icon58.png */ = {isa = PBXFileReference; lastKnownFileType = image.png; name = icon58.png; path = Images/icon58.png; sourceTree = "<group>"; };
		236764B318CC2698004FE5C6 /* icon80.png */ = {isa = PBXFileReference; lastKnownFileType = image.png; name = icon80.png; path = Images/icon80.png; sourceTree = "<group>"; };
		236764B518CC285D004FE5C6 /* Sound.h */ = {isa = PBXFileReference; fileEncoding = 4; lastKnownFileType = sourcecode.c.h; path = Sound.h; sourceTree = "<group>"; };
		236764B618CC285D004FE5C6 /* Sound.m */ = {isa = PBXFileReference; fileEncoding = 4; lastKnownFileType = sourcecode.c.objc; path = Sound.m; sourceTree = "<group>"; };
/* End PBXFileReference section */

/* Begin PBXFrameworksBuildPhase section */
		2367645418CC054B004FE5C6 /* Frameworks */ = {
			isa = PBXFrameworksBuildPhase;
			buildActionMask = 2147483647;
			files = (
				2318494E18CC3A90000F0AA2 /* AVFoundation.framework in Frameworks */,
				2367645D18CC054B004FE5C6 /* CoreGraphics.framework in Frameworks */,
				2367645F18CC054B004FE5C6 /* UIKit.framework in Frameworks */,
				2367645B18CC054B004FE5C6 /* Foundation.framework in Frameworks */,
			);
			runOnlyForDeploymentPostprocessing = 0;
		};
		2367647518CC054B004FE5C6 /* Frameworks */ = {
			isa = PBXFrameworksBuildPhase;
			buildActionMask = 2147483647;
			files = (
				2367647A18CC054B004FE5C6 /* XCTest.framework in Frameworks */,
				2367647C18CC054B004FE5C6 /* UIKit.framework in Frameworks */,
				2367647B18CC054B004FE5C6 /* Foundation.framework in Frameworks */,
			);
			runOnlyForDeploymentPostprocessing = 0;
		};
/* End PBXFrameworksBuildPhase section */

/* Begin PBXGroup section */
		231EEA9B18D1688800DE6B92 /* anchorman */ = {
			isa = PBXGroup;
			children = (
				231EEA9C18D1688800DE6B92 /* afternoondelight.mp3 */,
				231EEA9D18D1688800DE6B92 /* baxterbudha.mp3 */,
				231EEA9E18D1688800DE6B92 /* bears.mp3 */,
				231EEA9F18D1688800DE6B92 /* ilovescotch.mp3 */,
				231EEAA018D1688800DE6B92 /* loudnoises.mp3 */,
				231EEAA118D1688800DE6B92 /* milkwasabadchoice.mp3 */,
				231EEAA218D1688800DE6B92 /* ohbaxter.mp3 */,
				231EEAA318D1688800DE6B92 /* punch.mp3 */,
				231EEAA418D1688800DE6B92 /* sandiago.mp3 */,
				231EEAA518D1688800DE6B92 /* slap.mp3 */,
				231EEAA618D1688800DE6B92 /* smellypirate.mp3 */,
			);
			name = anchorman;
			path = Sounds/anchorman;
			sourceTree = "<group>";
		};
		231EEAA718D1688800DE6B92 /* derp */ = {
			isa = PBXGroup;
			children = (
				231EEAA818D1688800DE6B92 /* catgot.mp3 */,
				231EEAA918D1688800DE6B92 /* drstevebruleplanets.mp3 */,
				231EEAAA18D1688800DE6B92 /* fullretard.mp3 */,
				231EEAAB18D1688800DE6B92 /* nowyoureaman.mp3 */,
				231EEAAC18D1688800DE6B92 /* spacejam.mp3 */,
				231EEAAD18D1688800DE6B92 /* thomasthedankengine.mp3 */,
				231EEAAE18D1688800DE6B92 /* truckyeah.mp3 */,
			);
			name = derp;
			path = Sounds/derp;
			sourceTree = "<group>";
		};
		231EEAAF18D1688800DE6B92 /* sunny */ = {
			isa = PBXGroup;
			children = (
				231EEAB018D1688800DE6B92 /* dayman.mp3 */,
				231EEAB118D1688800DE6B92 /* jobland.mp3 */,
			);
			name = sunny;
			path = Sounds/sunny;
			sourceTree = "<group>";
		};
		231EEAB218D1688800DE6B92 /* teamamerica */ = {
			isa = PBXGroup;
			children = (
				231EEAB318D1688800DE6B92 /* freedomisntfree.mp3 */,
				231EEAB418D1688800DE6B92 /* mattdamon.mp3 */,
			);
			name = teamamerica;
			path = Sounds/teamamerica;
			sourceTree = "<group>";
		};
		2367644E18CC054B004FE5C6 = {
			isa = PBXGroup;
			children = (
				2367646018CC054B004FE5C6 /* Soundboard */,
				2367647F18CC054B004FE5C6 /* SoundboardTests */,
				2367645918CC054B004FE5C6 /* Frameworks */,
				2367645818CC054B004FE5C6 /* Products */,
			);
			sourceTree = "<group>";
		};
		2367645818CC054B004FE5C6 /* Products */ = {
			isa = PBXGroup;
			children = (
				2367645718CC054B004FE5C6 /* Soundboard.app */,
				2367647818CC054B004FE5C6 /* SoundboardTests.xctest */,
			);
			name = Products;
			sourceTree = "<group>";
		};
		2367645918CC054B004FE5C6 /* Frameworks */ = {
			isa = PBXGroup;
			children = (
				2318494D18CC3A90000F0AA2 /* AVFoundation.framework */,
				2367645A18CC054B004FE5C6 /* Foundation.framework */,
				2367645C18CC054B004FE5C6 /* CoreGraphics.framework */,
				2367645E18CC054B004FE5C6 /* UIKit.framework */,
				2367647918CC054B004FE5C6 /* XCTest.framework */,
			);
			name = Frameworks;
			sourceTree = "<group>";
		};
		2367646018CC054B004FE5C6 /* Soundboard */ = {
			isa = PBXGroup;
			children = (
				2367646918CC054B004FE5C6 /* AppDelegate.h */,
				2367646A18CC054B004FE5C6 /* AppDelegate.m */,
				2367646C18CC054B004FE5C6 /* Main.storyboard */,
				2367646F18CC054B004FE5C6 /* SoundBoardViewController.h */,
				2367647018CC054B004FE5C6 /* SoundBoardViewController.m */,
				236764B518CC285D004FE5C6 /* Sound.h */,
				236764B618CC285D004FE5C6 /* Sound.m */,
				2367647218CC054B004FE5C6 /* Images.xcassets */,
				2367646118CC054B004FE5C6 /* Supporting Files */,
			);
			path = Soundboard;
			sourceTree = "<group>";
		};
		2367646118CC054B004FE5C6 /* Supporting Files */ = {
			isa = PBXGroup;
			children = (
				231EEA9B18D1688800DE6B92 /* anchorman */,
				231EEAA718D1688800DE6B92 /* derp */,
				231EEAAF18D1688800DE6B92 /* sunny */,
				231EEAB218D1688800DE6B92 /* teamamerica */,
				236764B418CC2753004FE5C6 /* Images */,
				2367646218CC054B004FE5C6 /* Soundboard-Info.plist */,
				2367646318CC054B004FE5C6 /* InfoPlist.strings */,
				2367646618CC054B004FE5C6 /* main.m */,
				2367646818CC054B004FE5C6 /* Soundboard-Prefix.pch */,
			);
			name = "Supporting Files";
			sourceTree = "<group>";
		};
		2367647F18CC054B004FE5C6 /* SoundboardTests */ = {
			isa = PBXGroup;
			children = (
				2367648518CC054B004FE5C6 /* SoundboardTests.m */,
				2367648018CC054B004FE5C6 /* Supporting Files */,
			);
			path = SoundboardTests;
			sourceTree = "<group>";
		};
		2367648018CC054B004FE5C6 /* Supporting Files */ = {
			isa = PBXGroup;
			children = (
				2367648118CC054B004FE5C6 /* SoundboardTests-Info.plist */,
				2367648218CC054B004FE5C6 /* InfoPlist.strings */,
			);
			name = "Supporting Files";
			sourceTree = "<group>";
		};
		236764B418CC2753004FE5C6 /* Images */ = {
			isa = PBXGroup;
			children = (
				1421BAE618CFCE9800B48B9B /* aTableViewImage.jpg */,
				236764B318CC2698004FE5C6 /* icon80.png */,
				236764B218CC265F004FE5C6 /* icon58.png */,
				236764B118CC25DA004FE5C6 /* icon120.png */,
				236764B018CC25D2004FE5C6 /* launchBig.png */,
				236764AF18CC25C8004FE5C6 /* launchSmall.png */,
			);
			name = Images;
			path = ..;
			sourceTree = "<group>";
		};
/* End PBXGroup section */

/* Begin PBXNativeTarget section */
		2367645618CC054B004FE5C6 /* Soundboard */ = {
			isa = PBXNativeTarget;
			buildConfigurationList = 2367648918CC054B004FE5C6 /* Build configuration list for PBXNativeTarget "Soundboard" */;
			buildPhases = (
				2367645318CC054B004FE5C6 /* Sources */,
				2367645418CC054B004FE5C6 /* Frameworks */,
				2367645518CC054B004FE5C6 /* Resources */,
			);
			buildRules = (
			);
			dependencies = (
			);
			name = Soundboard;
			productName = Soundboard;
			productReference = 2367645718CC054B004FE5C6 /* Soundboard.app */;
			productType = "com.apple.product-type.application";
		};
		2367647718CC054B004FE5C6 /* SoundboardTests */ = {
			isa = PBXNativeTarget;
			buildConfigurationList = 2367648C18CC054B004FE5C6 /* Build configuration list for PBXNativeTarget "SoundboardTests" */;
			buildPhases = (
				2367647418CC054B004FE5C6 /* Sources */,
				2367647518CC054B004FE5C6 /* Frameworks */,
				2367647618CC054B004FE5C6 /* Resources */,
			);
			buildRules = (
			);
			dependencies = (
				2367647E18CC054B004FE5C6 /* PBXTargetDependency */,
			);
			name = SoundboardTests;
			productName = SoundboardTests;
			productReference = 2367647818CC054B004FE5C6 /* SoundboardTests.xctest */;
			productType = "com.apple.product-type.bundle.unit-test";
		};
/* End PBXNativeTarget section */

/* Begin PBXProject section */
		2367644F18CC054B004FE5C6 /* Project object */ = {
			isa = PBXProject;
			attributes = {
				LastUpgradeCheck = 0500;
				ORGANIZATIONNAME = Jake;
				TargetAttributes = {
					2367647718CC054B004FE5C6 = {
						TestTargetID = 2367645618CC054B004FE5C6;
					};
				};
			};
			buildConfigurationList = 2367645218CC054B004FE5C6 /* Build configuration list for PBXProject "Soundboard" */;
			compatibilityVersion = "Xcode 3.2";
			developmentRegion = English;
			hasScannedForEncodings = 0;
			knownRegions = (
				en,
				Base,
			);
			mainGroup = 2367644E18CC054B004FE5C6;
			productRefGroup = 2367645818CC054B004FE5C6 /* Products */;
			projectDirPath = "";
			projectRoot = "";
			targets = (
				2367645618CC054B004FE5C6 /* Soundboard */,
				2367647718CC054B004FE5C6 /* SoundboardTests */,
			);
		};
/* End PBXProject section */

/* Begin PBXResourcesBuildPhase section */
		2367645518CC054B004FE5C6 /* Resources */ = {
			isa = PBXResourcesBuildPhase;
			buildActionMask = 2147483647;
			files = (
				231EEAC918D1688800DE6B92 /* freedomisntfree.mp3 in Resources */,
				231EEAB818D1688800DE6B92 /* ilovescotch.mp3 in Resources */,
				231EEABC18D1688800DE6B92 /* punch.mp3 in Resources */,
				2367647318CC054B004FE5C6 /* Images.xcassets in Resources */,
				231EEAB918D1688800DE6B92 /* loudnoises.mp3 in Resources */,
				231EEABE18D1688800DE6B92 /* slap.mp3 in Resources */,
				231EEAC218D1688800DE6B92 /* fullretard.mp3 in Resources */,
				231EEAC418D1688800DE6B92 /* spacejam.mp3 in Resources */,
				231EEACA18D1688800DE6B92 /* mattdamon.mp3 in Resources */,
				231EEAC518D1688800DE6B92 /* thomasthedankengine.mp3 in Resources */,
				231EEAC318D1688800DE6B92 /* nowyoureaman.mp3 in Resources */,
				231EEAB518D1688800DE6B92 /* afternoondelight.mp3 in Resources */,
				1421BAE018CFBE6C00B48B9B /* Main.storyboard in Resources */,
				1421BAE718CFCE9800B48B9B /* aTableViewImage.jpg in Resources */,
				2367646518CC054B004FE5C6 /* InfoPlist.strings in Resources */,
				231EEAC118D1688800DE6B92 /* drstevebruleplanets.mp3 in Resources */,
				231EEAB718D1688800DE6B92 /* bears.mp3 in Resources */,
				231EEAC018D1688800DE6B92 /* catgot.mp3 in Resources */,
				231EEABD18D1688800DE6B92 /* sandiago.mp3 in Resources */,
				231EEAC718D1688800DE6B92 /* dayman.mp3 in Resources */,
				231EEABA18D1688800DE6B92 /* milkwasabadchoice.mp3 in Resources */,
				231EEAC818D1688800DE6B92 /* jobland.mp3 in Resources */,
				231EEAB618D1688800DE6B92 /* baxterbudha.mp3 in Resources */,
				231EEABB18D1688800DE6B92 /* ohbaxter.mp3 in Resources */,
				231EEABF18D1688800DE6B92 /* smellypirate.mp3 in Resources */,
				231EEAC618D1688800DE6B92 /* truckyeah.mp3 in Resources */,
			);
			runOnlyForDeploymentPostprocessing = 0;
		};
		2367647618CC054B004FE5C6 /* Resources */ = {
			isa = PBXResourcesBuildPhase;
			buildActionMask = 2147483647;
			files = (
				2367648418CC054B004FE5C6 /* InfoPlist.strings in Resources */,
				1421BAE118CFBE6D00B48B9B /* Main.storyboard in Resources */,
			);
			runOnlyForDeploymentPostprocessing = 0;
		};
/* End PBXResourcesBuildPhase section */

/* Begin PBXSourcesBuildPhase section */
		2367645318CC054B004FE5C6 /* Sources */ = {
			isa = PBXSourcesBuildPhase;
			buildActionMask = 2147483647;
			files = (
				2367647118CC054B004FE5C6 /* SoundBoardViewController.m in Sources */,
				2367646B18CC054B004FE5C6 /* AppDelegate.m in Sources */,
				2367646718CC054B004FE5C6 /* main.m in Sources */,
				236764B718CC285D004FE5C6 /* Sound.m in Sources */,
			);
			runOnlyForDeploymentPostprocessing = 0;
		};
		2367647418CC054B004FE5C6 /* Sources */ = {
			isa = PBXSourcesBuildPhase;
			buildActionMask = 2147483647;
			files = (
				2367648618CC054B004FE5C6 /* SoundboardTests.m in Sources */,
			);
			runOnlyForDeploymentPostprocessing = 0;
		};
/* End PBXSourcesBuildPhase section */

/* Begin PBXTargetDependency section */
		2367647E18CC054B004FE5C6 /* PBXTargetDependency */ = {
			isa = PBXTargetDependency;
			target = 2367645618CC054B004FE5C6 /* Soundboard */;
			targetProxy = 2367647D18CC054B004FE5C6 /* PBXContainerItemProxy */;
		};
/* End PBXTargetDependency section */

/* Begin PBXVariantGroup section */
		2367646318CC054B004FE5C6 /* InfoPlist.strings */ = {
			isa = PBXVariantGroup;
			children = (
				2367646418CC054B004FE5C6 /* en */,
			);
			name = InfoPlist.strings;
			sourceTree = "<group>";
		};
		2367646C18CC054B004FE5C6 /* Main.storyboard */ = {
			isa = PBXVariantGroup;
			children = (
				2367646D18CC054B004FE5C6 /* Base */,
				1421BAE318CFBE6E00B48B9B /* en */,
			);
			name = Main.storyboard;
			sourceTree = "<group>";
		};
		2367648218CC054B004FE5C6 /* InfoPlist.strings */ = {
			isa = PBXVariantGroup;
			children = (
				2367648318CC054B004FE5C6 /* en */,
			);
			name = InfoPlist.strings;
			sourceTree = "<group>";
		};
/* End PBXVariantGroup section */

/* Begin XCBuildConfiguration section */
		2367648718CC054B004FE5C6 /* Debug */ = {
			isa = XCBuildConfiguration;
			buildSettings = {
				ALWAYS_SEARCH_USER_PATHS = NO;
				ARCHS = "$(ARCHS_STANDARD_INCLUDING_64_BIT)";
				CLANG_CXX_LANGUAGE_STANDARD = "gnu++0x";
				CLANG_CXX_LIBRARY = "libc++";
				CLANG_ENABLE_MODULES = YES;
				CLANG_ENABLE_OBJC_ARC = YES;
				CLANG_WARN_BOOL_CONVERSION = YES;
				CLANG_WARN_CONSTANT_CONVERSION = YES;
				CLANG_WARN_DIRECT_OBJC_ISA_USAGE = YES_ERROR;
				CLANG_WARN_EMPTY_BODY = YES;
				CLANG_WARN_ENUM_CONVERSION = YES;
				CLANG_WARN_INT_CONVERSION = YES;
				CLANG_WARN_OBJC_ROOT_CLASS = YES_ERROR;
				CLANG_WARN__DUPLICATE_METHOD_MATCH = YES;
				"CODE_SIGN_IDENTITY[sdk=iphoneos*]" = "iPhone Developer";
				COPY_PHASE_STRIP = NO;
				GCC_C_LANGUAGE_STANDARD = gnu99;
				GCC_DYNAMIC_NO_PIC = NO;
				GCC_OPTIMIZATION_LEVEL = 0;
				GCC_PREPROCESSOR_DEFINITIONS = (
					"DEBUG=1",
					"$(inherited)",
				);
				GCC_SYMBOLS_PRIVATE_EXTERN = NO;
				GCC_WARN_64_TO_32_BIT_CONVERSION = YES;
				GCC_WARN_ABOUT_RETURN_TYPE = YES_ERROR;
				GCC_WARN_UNDECLARED_SELECTOR = YES;
				GCC_WARN_UNINITIALIZED_AUTOS = YES;
				GCC_WARN_UNUSED_FUNCTION = YES;
				GCC_WARN_UNUSED_VARIABLE = YES;
				IPHONEOS_DEPLOYMENT_TARGET = 7.0;
				ONLY_ACTIVE_ARCH = YES;
				SDKROOT = iphoneos;
			};
			name = Debug;
		};
		2367648818CC054B004FE5C6 /* Release */ = {
			isa = XCBuildConfiguration;
			buildSettings = {
				ALWAYS_SEARCH_USER_PATHS = NO;
				ARCHS = "$(ARCHS_STANDARD_INCLUDING_64_BIT)";
				CLANG_CXX_LANGUAGE_STANDARD = "gnu++0x";
				CLANG_CXX_LIBRARY = "libc++";
				CLANG_ENABLE_MODULES = YES;
				CLANG_ENABLE_OBJC_ARC = YES;
				CLANG_WARN_BOOL_CONVERSION = YES;
				CLANG_WARN_CONSTANT_CONVERSION = YES;
				CLANG_WARN_DIRECT_OBJC_ISA_USAGE = YES_ERROR;
				CLANG_WARN_EMPTY_BODY = YES;
				CLANG_WARN_ENUM_CONVERSION = YES;
				CLANG_WARN_INT_CONVERSION = YES;
				CLANG_WARN_OBJC_ROOT_CLASS = YES_ERROR;
				CLANG_WARN__DUPLICATE_METHOD_MATCH = YES;
				"CODE_SIGN_IDENTITY[sdk=iphoneos*]" = "iPhone Developer";
				COPY_PHASE_STRIP = YES;
				ENABLE_NS_ASSERTIONS = NO;
				GCC_C_LANGUAGE_STANDARD = gnu99;
				GCC_WARN_64_TO_32_BIT_CONVERSION = YES;
				GCC_WARN_ABOUT_RETURN_TYPE = YES_ERROR;
				GCC_WARN_UNDECLARED_SELECTOR = YES;
				GCC_WARN_UNINITIALIZED_AUTOS = YES;
				GCC_WARN_UNUSED_FUNCTION = YES;
				GCC_WARN_UNUSED_VARIABLE = YES;
				IPHONEOS_DEPLOYMENT_TARGET = 7.0;
				SDKROOT = iphoneos;
				VALIDATE_PRODUCT = YES;
			};
			name = Release;
		};
		2367648A18CC054B004FE5C6 /* Debug */ = {
			isa = XCBuildConfiguration;
			buildSettings = {
				ASSETCATALOG_COMPILER_APPICON_NAME = "AppIcon-2";
				ASSETCATALOG_COMPILER_LAUNCHIMAGE_NAME = "LaunchImage-2";
				GCC_PRECOMPILE_PREFIX_HEADER = YES;
				GCC_PREFIX_HEADER = "Soundboard/Soundboard-Prefix.pch";
				INFOPLIST_FILE = "Soundboard/Soundboard-Info.plist";
				PRODUCT_NAME = "$(TARGET_NAME)";
				WRAPPER_EXTENSION = app;
			};
			name = Debug;
		};
		2367648B18CC054B004FE5C6 /* Release */ = {
			isa = XCBuildConfiguration;
			buildSettings = {
				ASSETCATALOG_COMPILER_APPICON_NAME = "AppIcon-2";
				ASSETCATALOG_COMPILER_LAUNCHIMAGE_NAME = "LaunchImage-2";
				GCC_PRECOMPILE_PREFIX_HEADER = YES;
				GCC_PREFIX_HEADER = "Soundboard/Soundboard-Prefix.pch";
				INFOPLIST_FILE = "Soundboard/Soundboard-Info.plist";
				PRODUCT_NAME = "$(TARGET_NAME)";
				WRAPPER_EXTENSION = app;
			};
			name = Release;
		};
		2367648D18CC054B004FE5C6 /* Debug */ = {
			isa = XCBuildConfiguration;
			buildSettings = {
				ARCHS = "$(ARCHS_STANDARD_INCLUDING_64_BIT)";
				BUNDLE_LOADER = "$(BUILT_PRODUCTS_DIR)/Soundboard.app/Soundboard";
				FRAMEWORK_SEARCH_PATHS = (
					"$(SDKROOT)/Developer/Library/Frameworks",
					"$(inherited)",
					"$(DEVELOPER_FRAMEWORKS_DIR)",
				);
				GCC_PRECOMPILE_PREFIX_HEADER = YES;
				GCC_PREFIX_HEADER = "Soundboard/Soundboard-Prefix.pch";
				GCC_PREPROCESSOR_DEFINITIONS = (
					"DEBUG=1",
					"$(inherited)",
				);
				INFOPLIST_FILE = "SoundboardTests/SoundboardTests-Info.plist";
				PRODUCT_NAME = "$(TARGET_NAME)";
				TEST_HOST = "$(BUNDLE_LOADER)";
				WRAPPER_EXTENSION = xctest;
			};
			name = Debug;
		};
		2367648E18CC054B004FE5C6 /* Release */ = {
			isa = XCBuildConfiguration;
			buildSettings = {
				ARCHS = "$(ARCHS_STANDARD_INCLUDING_64_BIT)";
				BUNDLE_LOADER = "$(BUILT_PRODUCTS_DIR)/Soundboard.app/Soundboard";
				FRAMEWORK_SEARCH_PATHS = (
					"$(SDKROOT)/Developer/Library/Frameworks",
					"$(inherited)",
					"$(DEVELOPER_FRAMEWORKS_DIR)",
				);
				GCC_PRECOMPILE_PREFIX_HEADER = YES;
				GCC_PREFIX_HEADER = "Soundboard/Soundboard-Prefix.pch";
				INFOPLIST_FILE = "SoundboardTests/SoundboardTests-Info.plist";
				PRODUCT_NAME = "$(TARGET_NAME)";
				TEST_HOST = "$(BUNDLE_LOADER)";
				WRAPPER_EXTENSION = xctest;
			};
			name = Release;
		};
/* End XCBuildConfiguration section */

/* Begin XCConfigurationList section */
		2367645218CC054B004FE5C6 /* Build configuration list for PBXProject "Soundboard" */ = {
			isa = XCConfigurationList;
			buildConfigurations = (
				2367648718CC054B004FE5C6 /* Debug */,
				2367648818CC054B004FE5C6 /* Release */,
			);
			defaultConfigurationIsVisible = 0;
			defaultConfigurationName = Release;
		};
		2367648918CC054B004FE5C6 /* Build configuration list for PBXNativeTarget "Soundboard" */ = {
			isa = XCConfigurationList;
			buildConfigurations = (
				2367648A18CC054B004FE5C6 /* Debug */,
				2367648B18CC054B004FE5C6 /* Release */,
			);
			defaultConfigurationIsVisible = 0;
			defaultConfigurationName = Release;
		};
		2367648C18CC054B004FE5C6 /* Build configuration list for PBXNativeTarget "SoundboardTests" */ = {
			isa = XCConfigurationList;
			buildConfigurations = (
				2367648D18CC054B004FE5C6 /* Debug */,
				2367648E18CC054B004FE5C6 /* Release */,
			);
			defaultConfigurationIsVisible = 0;
			defaultConfigurationName = Release;
		};
/* End XCConfigurationList section */
	};
	rootObject = 2367644F18CC054B004FE5C6 /* Project object */;
}
